
Microsoft Visual Studio Solution File, Format Version 12.00
# Visual Studio Version 17
VisualStudioVersion = 17.14.36623.8 d17.14
MinimumVisualStudioVersion = 10.0.40219.1
Project("{F2A71F9B-5D33-465A-A702-920D77279786}") = "SampleSQLProviderProject", "SampleSQLProviderProject.fsproj", "{A9FDA5E8-634C-426C-A453-DA71025B497E}"
EndProject
Global
	GlobalSection(SolutionConfigurationPlatforms) = preSolution
		Debug|Any CPU = Debug|Any CPU
		Release|Any CPU = Release|Any CPU
	EndGlobalSection
	GlobalSection(ProjectConfigurationPlatforms) = postSolution
		{A9FDA5E8-634C-426C-A453-DA71025B497E}.Debug|Any CPU.ActiveCfg = Debug|Any CPU
		{A9FDA5E8-634C-426C-A453-DA71025B497E}.Debug|Any CPU.Build.0 = Debug|Any CPU
		{A9FDA5E8-634C-426C-A453-DA71025B497E}.Release|Any CPU.ActiveCfg = Release|Any CPU
		{A9FDA5E8-634C-426C-A453-DA71025B497E}.Release|Any CPU.Build.0 = Release|Any CPU
	EndGlobalSection
	GlobalSection(SolutionProperties) = preSolution
		HideSolutionNode = FALSE
	EndGlobalSection
	GlobalSection(ExtensibilityGlobals) = postSolution
		SolutionGuid = {F83B12F2-0FF7-400F-B156-134BD17CFD22}
	EndGlobalSection
EndGlobal
